
Microsoft Visual Studio Solution File, Format Version 12.00
# Visual Studio 2017
Project("{FAE04EC0-301F-11D3-BF4B-00C04F79EFBC}") = "APP08-PinBall", "APP08-PinBall.csproj", "{87150F7E-0B2E-46CF-1FC4-19C8B25ABD60}"
EndProject
Project("{FAE04EC0-301F-11D3-BF4B-00C04F79EFBC}") = "APP08-PinBall.Plugins", "APP08-PinBall.Plugins.csproj", "{F417F3E5-EBF2-D453-EDA8-A20B33452AD2}"
EndProject
Project("{FAE04EC0-301F-11D3-BF4B-00C04F79EFBC}") = "APP08-PinBall.Editor", "APP08-PinBall.Editor.csproj", "{FE65415A-A50D-093C-68ED-B404F7528211}"
EndProject
Global
	GlobalSection(SolutionConfigurationPlatforms) = preSolution
		Debug|Any CPU = Debug|Any CPU
		Release|Any CPU = Release|Any CPU
	EndGlobalSection
	GlobalSection(ProjectConfigurationPlatforms) = postSolution
		{87150F7E-0B2E-46CF-1FC4-19C8B25ABD60}.Debug|Any CPU.ActiveCfg = Debug|Any CPU
		{87150F7E-0B2E-46CF-1FC4-19C8B25ABD60}.Debug|Any CPU.Build.0 = Debug|Any CPU
		{87150F7E-0B2E-46CF-1FC4-19C8B25ABD60}.Release|Any CPU.ActiveCfg = Release|Any CPU
		{87150F7E-0B2E-46CF-1FC4-19C8B25ABD60}.Release|Any CPU.Build.0 = Release|Any CPU
		{F417F3E5-EBF2-D453-EDA8-A20B33452AD2}.Debug|Any CPU.ActiveCfg = Debug|Any CPU
		{F417F3E5-EBF2-D453-EDA8-A20B33452AD2}.Debug|Any CPU.Build.0 = Debug|Any CPU
		{F417F3E5-EBF2-D453-EDA8-A20B33452AD2}.Release|Any CPU.ActiveCfg = Release|Any CPU
		{F417F3E5-EBF2-D453-EDA8-A20B33452AD2}.Release|Any CPU.Build.0 = Release|Any CPU
		{FE65415A-A50D-093C-68ED-B404F7528211}.Debug|Any CPU.ActiveCfg = Debug|Any CPU
		{FE65415A-A50D-093C-68ED-B404F7528211}.Debug|Any CPU.Build.0 = Debug|Any CPU
		{FE65415A-A50D-093C-68ED-B404F7528211}.Release|Any CPU.ActiveCfg = Release|Any CPU
		{FE65415A-A50D-093C-68ED-B404F7528211}.Release|Any CPU.Build.0 = Release|Any CPU
	EndGlobalSection
	GlobalSection(SolutionProperties) = preSolution
		HideSolutionNode = FALSE
	EndGlobalSection
EndGlobal
